
Microsoft Visual Studio Solution File, Format Version 12.00
# Visual Studio Version 17
VisualStudioVersion = 17.6.33723.286
MinimumVisualStudioVersion = 10.0.40219.1
Project("{9A19103F-16F7-4668-BE54-9A1E7A4F7556}") = "ParkingManagementSystemPL", "ParkingManagementSystem.PL\ParkingManagementSystemPL.csproj", "{84C5FBCA-0B19-42FD-B178-4A6C1622D8B1}"
EndProject
Project("{9A19103F-16F7-4668-BE54-9A1E7A4F7556}") = "ParkingManagementSystem.BLL", "ParkingManagementSystem.BLL\ParkingManagementSystem.BLL.csproj", "{67A7870A-DCBE-46A5-A815-F7F1770639AE}"
EndProject
Project("{9A19103F-16F7-4668-BE54-9A1E7A4F7556}") = "ParkingManagementSystem.DAL", "ParkingManagementSystem.DAL\ParkingManagementSystem.DAL.csproj", "{5EF29044-CD61-4428-A4C4-7A666C6C4239}"
EndProject
Project("{9A19103F-16F7-4668-BE54-9A1E7A4F7556}") = "ParkingManagementSystem.Tests", "ParkingManagementSystem.Tests\ParkingManagementSystem.Tests.csproj", "{EAFF998F-075F-48EC-A66E-D7727D2F3638}"
EndProject
Global
	GlobalSection(SolutionConfigurationPlatforms) = preSolution
		Debug|Any CPU = Debug|Any CPU
		Release|Any CPU = Release|Any CPU
	EndGlobalSection
	GlobalSection(ProjectConfigurationPlatforms) = postSolution
		{84C5FBCA-0B19-42FD-B178-4A6C1622D8B1}.Debug|Any CPU.ActiveCfg = Debug|Any CPU
		{84C5FBCA-0B19-42FD-B178-4A6C1622D8B1}.Debug|Any CPU.Build.0 = Debug|Any CPU
		{84C5FBCA-0B19-42FD-B178-4A6C1622D8B1}.Release|Any CPU.ActiveCfg = Release|Any CPU
		{84C5FBCA-0B19-42FD-B178-4A6C1622D8B1}.Release|Any CPU.Build.0 = Release|Any CPU
		{67A7870A-DCBE-46A5-A815-F7F1770639AE}.Debug|Any CPU.ActiveCfg = Debug|Any CPU
		{67A7870A-DCBE-46A5-A815-F7F1770639AE}.Debug|Any CPU.Build.0 = Debug|Any CPU
		{67A7870A-DCBE-46A5-A815-F7F1770639AE}.Release|Any CPU.ActiveCfg = Release|Any CPU
		{67A7870A-DCBE-46A5-A815-F7F1770639AE}.Release|Any CPU.Build.0 = Release|Any CPU
		{5EF29044-CD61-4428-A4C4-7A666C6C4239}.Debug|Any CPU.ActiveCfg = Debug|Any CPU
		{5EF29044-CD61-4428-A4C4-7A666C6C4239}.Debug|Any CPU.Build.0 = Debug|Any CPU
		{5EF29044-CD61-4428-A4C4-7A666C6C4239}.Release|Any CPU.ActiveCfg = Release|Any CPU
		{5EF29044-CD61-4428-A4C4-7A666C6C4239}.Release|Any CPU.Build.0 = Release|Any CPU
		{EAFF998F-075F-48EC-A66E-D7727D2F3638}.Debug|Any CPU.ActiveCfg = Debug|Any CPU
		{EAFF998F-075F-48EC-A66E-D7727D2F3638}.Debug|Any CPU.Build.0 = Debug|Any CPU
		{EAFF998F-075F-48EC-A66E-D7727D2F3638}.Release|Any CPU.ActiveCfg = Release|Any CPU
		{EAFF998F-075F-48EC-A66E-D7727D2F3638}.Release|Any CPU.Build.0 = Release|Any CPU
	EndGlobalSection
	GlobalSection(SolutionProperties) = preSolution
		HideSolutionNode = FALSE
	EndGlobalSection
	GlobalSection(ExtensibilityGlobals) = postSolution
		SolutionGuid = {98E32414-4952-435E-A307-7888AD62C1DE}
	EndGlobalSection
EndGlobal
